
Microsoft Visual Studio Solution File, Format Version 12.00
# Visual Studio Version 17
VisualStudioVersion = 17.11.35303.130
MinimumVisualStudioVersion = 10.0.40219.1
Project("{FAE04EC0-301F-11D3-BF4B-00C04F79EFBC}") = "سوال 7 دریافت عدد و عملیات", "سوال 7 دریافت عدد و عملیات\سوال 7 دریافت عدد و عملیات.csproj", "{5D59A818-1011-46D3-A8A3-A473308939C6}"
EndProject
Global
	GlobalSection(SolutionConfigurationPlatforms) = preSolution
		Debug|Any CPU = Debug|Any CPU
		Release|Any CPU = Release|Any CPU
	EndGlobalSection
	GlobalSection(ProjectConfigurationPlatforms) = postSolution
		{5D59A818-1011-46D3-A8A3-A473308939C6}.Debug|Any CPU.ActiveCfg = Debug|Any CPU
		{5D59A818-1011-46D3-A8A3-A473308939C6}.Debug|Any CPU.Build.0 = Debug|Any CPU
		{5D59A818-1011-46D3-A8A3-A473308939C6}.Release|Any CPU.ActiveCfg = Release|Any CPU
		{5D59A818-1011-46D3-A8A3-A473308939C6}.Release|Any CPU.Build.0 = Release|Any CPU
	EndGlobalSection
	GlobalSection(SolutionProperties) = preSolution
		HideSolutionNode = FALSE
	EndGlobalSection
	GlobalSection(ExtensibilityGlobals) = postSolution
		SolutionGuid = {33BB2ABE-5854-4D9C-8650-A8AA0DC7AE37}
	EndGlobalSection
EndGlobal
