
Microsoft Visual Studio Solution File, Format Version 12.00
# Visual Studio Version 17
VisualStudioVersion = 17.11.35303.130
MinimumVisualStudioVersion = 10.0.40219.1
Project("{FAE04EC0-301F-11D3-BF4B-00C04F79EFBC}") = "سوال دوم اختلاف سنی", "سوال دوم اختلاف سنی\سوال دوم اختلاف سنی.csproj", "{F68C3CD5-B6E3-4F00-B1B0-353BFD7F8C77}"
EndProject
Global
	GlobalSection(SolutionConfigurationPlatforms) = preSolution
		Debug|Any CPU = Debug|Any CPU
		Release|Any CPU = Release|Any CPU
	EndGlobalSection
	GlobalSection(ProjectConfigurationPlatforms) = postSolution
		{F68C3CD5-B6E3-4F00-B1B0-353BFD7F8C77}.Debug|Any CPU.ActiveCfg = Debug|Any CPU
		{F68C3CD5-B6E3-4F00-B1B0-353BFD7F8C77}.Debug|Any CPU.Build.0 = Debug|Any CPU
		{F68C3CD5-B6E3-4F00-B1B0-353BFD7F8C77}.Release|Any CPU.ActiveCfg = Release|Any CPU
		{F68C3CD5-B6E3-4F00-B1B0-353BFD7F8C77}.Release|Any CPU.Build.0 = Release|Any CPU
	EndGlobalSection
	GlobalSection(SolutionProperties) = preSolution
		HideSolutionNode = FALSE
	EndGlobalSection
	GlobalSection(ExtensibilityGlobals) = postSolution
		SolutionGuid = {C2056638-D07D-4376-8268-7E64ADD2779E}
	EndGlobalSection
EndGlobal
