
Microsoft Visual Studio Solution File, Format Version 12.00
# Visual Studio Version 17
VisualStudioVersion = 17.11.35303.130
MinimumVisualStudioVersion = 10.0.40219.1
Project("{FAE04EC0-301F-11D3-BF4B-00C04F79EFBC}") = "سوال چهارم ترتیب اعداد", "سوال چهارم ترتیب اعداد\سوال چهارم ترتیب اعداد.csproj", "{2A46A500-BA79-4700-BA10-9DF50DD62477}"
EndProject
Global
	GlobalSection(SolutionConfigurationPlatforms) = preSolution
		Debug|Any CPU = Debug|Any CPU
		Release|Any CPU = Release|Any CPU
	EndGlobalSection
	GlobalSection(ProjectConfigurationPlatforms) = postSolution
		{2A46A500-BA79-4700-BA10-9DF50DD62477}.Debug|Any CPU.ActiveCfg = Debug|Any CPU
		{2A46A500-BA79-4700-BA10-9DF50DD62477}.Debug|Any CPU.Build.0 = Debug|Any CPU
		{2A46A500-BA79-4700-BA10-9DF50DD62477}.Release|Any CPU.ActiveCfg = Release|Any CPU
		{2A46A500-BA79-4700-BA10-9DF50DD62477}.Release|Any CPU.Build.0 = Release|Any CPU
	EndGlobalSection
	GlobalSection(SolutionProperties) = preSolution
		HideSolutionNode = FALSE
	EndGlobalSection
	GlobalSection(ExtensibilityGlobals) = postSolution
		SolutionGuid = {97239730-6F4C-4D51-8B0E-76D78347A86C}
	EndGlobalSection
EndGlobal
